
Microsoft Visual Studio Solution File, Format Version 12.00
# Visual Studio Version 16
VisualStudioVersion = 16.0.30804.86
MinimumVisualStudioVersion = 10.0.40219.1
Project("{FAE04EC0-301F-11D3-BF4B-00C04F79EFBC}") = "Metotlar", "Metotlar\Metotlar.csproj", "{A7BF2BBB-BFCB-4F2F-BBD1-5799188E7E41}"
EndProject
Project("{FAE04EC0-301F-11D3-BF4B-00C04F79EFBC}") = "Matematik", "Matematik\Matematik.csproj", "{EA74FD88-A3C3-4979-BE8A-CFB7D771A8F0}"
EndProject
Project("{FAE04EC0-301F-11D3-BF4B-00C04F79EFBC}") = "DegerVeReferansTipler", "DegerVeReferansTipler\DegerVeReferansTipler.csproj", "{54934E38-5604-478B-B76D-CC2C92CD8395}"
EndProject
Global
	GlobalSection(SolutionConfigurationPlatforms) = preSolution
		Debug|Any CPU = Debug|Any CPU
		Release|Any CPU = Release|Any CPU
	EndGlobalSection
	GlobalSection(ProjectConfigurationPlatforms) = postSolution
		{A7BF2BBB-BFCB-4F2F-BBD1-5799188E7E41}.Debug|Any CPU.ActiveCfg = Debug|Any CPU
		{A7BF2BBB-BFCB-4F2F-BBD1-5799188E7E41}.Debug|Any CPU.Build.0 = Debug|Any CPU
		{A7BF2BBB-BFCB-4F2F-BBD1-5799188E7E41}.Release|Any CPU.ActiveCfg = Release|Any CPU
		{A7BF2BBB-BFCB-4F2F-BBD1-5799188E7E41}.Release|Any CPU.Build.0 = Release|Any CPU
		{EA74FD88-A3C3-4979-BE8A-CFB7D771A8F0}.Debug|Any CPU.ActiveCfg = Debug|Any CPU
		{EA74FD88-A3C3-4979-BE8A-CFB7D771A8F0}.Debug|Any CPU.Build.0 = Debug|Any CPU
		{EA74FD88-A3C3-4979-BE8A-CFB7D771A8F0}.Release|Any CPU.ActiveCfg = Release|Any CPU
		{EA74FD88-A3C3-4979-BE8A-CFB7D771A8F0}.Release|Any CPU.Build.0 = Release|Any CPU
		{54934E38-5604-478B-B76D-CC2C92CD8395}.Debug|Any CPU.ActiveCfg = Debug|Any CPU
		{54934E38-5604-478B-B76D-CC2C92CD8395}.Debug|Any CPU.Build.0 = Debug|Any CPU
		{54934E38-5604-478B-B76D-CC2C92CD8395}.Release|Any CPU.ActiveCfg = Release|Any CPU
		{54934E38-5604-478B-B76D-CC2C92CD8395}.Release|Any CPU.Build.0 = Release|Any CPU
	EndGlobalSection
	GlobalSection(SolutionProperties) = preSolution
		HideSolutionNode = FALSE
	EndGlobalSection
	GlobalSection(ExtensibilityGlobals) = postSolution
		SolutionGuid = {74EA0635-5B10-4CF6-90D6-FF10D86066F2}
	EndGlobalSection
EndGlobal
